
Microsoft Visual Studio Solution File, Format Version 12.00
# Visual Studio Version 17
VisualStudioVersion = 17.7.34003.232
MinimumVisualStudioVersion = 10.0.40219.1
Project("{2150E333-8FDC-42A3-9474-1A3956D46DE8}") = ".shared", ".shared", "{60F8C419-B967-4072-B9E3-186C941F60E2}"
EndProject
Project("{2150E333-8FDC-42A3-9474-1A3956D46DE8}") = "Services", "Services", "{F2C6C731-2A4E-4270-9DD7-CF8731BF4E84}"
EndProject
Project("{9A19103F-16F7-4668-BE54-9A1E7A4F7556}") = "Space.Application", ".shared\Space.Application\Space.Application.csproj", "{0C757DF0-6321-4E51-A5ED-9E0A4C2757C8}"
EndProject
Project("{9A19103F-16F7-4668-BE54-9A1E7A4F7556}") = "Space.Core", ".shared\Space.Core\Space.Core.csproj", "{6B9B7FC1-03CE-4C4C-BDF5-05D7381AAD98}"
EndProject
Project("{9A19103F-16F7-4668-BE54-9A1E7A4F7556}") = "Space.RestHelper", ".shared\Space.RestHelper\Space.RestHelper.csproj", "{0E84BC83-D994-47EE-8036-4689E8ED9015}"
EndProject
Project("{9A19103F-16F7-4668-BE54-9A1E7A4F7556}") = "Space.Data", ".shared\Space.Data\Space.Data.csproj", "{0D612BD8-6263-4C96-B3DF-F88A5685D96A}"
EndProject
Project("{2150E333-8FDC-42A3-9474-1A3956D46DE8}") = "UserAPI", "UserAPI", "{F87678F2-DB60-4C70-94F4-0F65C7DBE7C6}"
EndProject
Project("{9A19103F-16F7-4668-BE54-9A1E7A4F7556}") = "Space.User.API", "Services\UserAPI\Space.User.API\Space.User.API.csproj", "{DF8E6A0D-20D3-436F-8E3E-DFCFB9B8A26A}"
EndProject
Project("{9A19103F-16F7-4668-BE54-9A1E7A4F7556}") = "Space.UserAPI.Data", "Services\UserAPI\Space.UserAPI.Data\Space.UserAPI.Data.csproj", "{6A8E2716-F92D-49C8-B830-045086AE62D3}"
EndProject
Project("{9A19103F-16F7-4668-BE54-9A1E7A4F7556}") = "Space.UserAPI.Service", "Services\UserAPI\Space.UserAPI.Service\Space.UserAPI.Service.csproj", "{36E22843-FCF0-4003-9F8D-97D1EB854E51}"
EndProject
Project("{9A19103F-16F7-4668-BE54-9A1E7A4F7556}") = "Space.UserAPI.Models", "Services\UserAPI\Space.UserAPI.Models\Space.UserAPI.Models.csproj", "{5903FE9F-E639-45AD-AEE5-49DD354686A3}"
EndProject
Project("{2150E333-8FDC-42A3-9474-1A3956D46DE8}") = "AuthAPI", "AuthAPI", "{EA9C8984-5039-43A4-A28E-7F33D0491739}"
EndProject
Project("{9A19103F-16F7-4668-BE54-9A1E7A4F7556}") = "Space.AuhtAPI.Models", "Services\AuthAPI\Space.AuhtAPI.Models\Space.AuhtAPI.Models.csproj", "{6A042C04-DF21-43A8-8B7A-9F2AEBF7895C}"
EndProject
Project("{9A19103F-16F7-4668-BE54-9A1E7A4F7556}") = "Space.AuhtAPI.Services", "Services\AuthAPI\Space.AuhtAPI.Services\Space.AuhtAPI.Services.csproj", "{6DD0A485-3CD9-48C3-AAF4-A321719847CC}"
EndProject
Project("{9A19103F-16F7-4668-BE54-9A1E7A4F7556}") = "Space.Auht.API", "Services\AuthAPI\Space.Auht.API\Space.Auht.API.csproj", "{07F06F94-E612-4141-84FC-3BBBA524AFBB}"
EndProject
Project("{2150E333-8FDC-42A3-9474-1A3956D46DE8}") = "DataAPI", "DataAPI", "{FAA359B9-2D88-4F93-8D36-A62F16206550}"
EndProject
Project("{9A19103F-16F7-4668-BE54-9A1E7A4F7556}") = "Space.DataAPI.Models", "Services\DataAPI\Space.DataAPI.Models\Space.DataAPI.Models.csproj", "{1BDDE65E-9B28-43EB-B6EE-1C4B731BA386}"
EndProject
Project("{9A19103F-16F7-4668-BE54-9A1E7A4F7556}") = "Space.DataAPI.Services", "Services\DataAPI\Space.DataAPI.Services\Space.DataAPI.Services.csproj", "{33ACC85D-84BF-4176-9D87-699E70E442FD}"
EndProject
Project("{9A19103F-16F7-4668-BE54-9A1E7A4F7556}") = "Space.DataAPI.Data", "Services\DataAPI\Space.DataAPI.Data\Space.DataAPI.Data.csproj", "{6628C864-D020-4070-BC26-CA92D091B2CF}"
EndProject
Project("{9A19103F-16F7-4668-BE54-9A1E7A4F7556}") = "Space.Data.API", "Services\DataAPI\Space.Data.API\Space.Data.API.csproj", "{C52D6F63-92A2-4F24-9254-884F2E3CB5CC}"
EndProject
Project("{9A19103F-16F7-4668-BE54-9A1E7A4F7556}") = "Space.DataAPI.Provider", "Services\DataAPI\Space.DataAPI.Provider\Space.DataAPI.Provider.csproj", "{6C6EF67F-F78C-469B-A462-6F4E5D63E505}"
EndProject
Project("{2150E333-8FDC-42A3-9474-1A3956D46DE8}") = "DataAPI.Provider", "DataAPI.Provider", "{60C6E0A6-39DC-4A83-A795-A1CD6BDA6382}"
EndProject
Project("{9A19103F-16F7-4668-BE54-9A1E7A4F7556}") = "Space.DataAPI.Provider.BTCTurk", "Services\DataAPI\Providers\Space.DataAPI.Provider.BTCTurk\Space.DataAPI.Provider.BTCTurk.csproj", "{B51FFDB4-9C78-4EA0-86C7-DE8A5FF6A04A}"
EndProject
Project("{2150E333-8FDC-42A3-9474-1A3956D46DE8}") = "Providers", "Providers", "{E7BF68DB-A50D-417C-A744-98F24E94E51F}"
EndProject
Project("{2150E333-8FDC-42A3-9474-1A3956D46DE8}") = "Presentation", "Presentation", "{6EF3F844-379E-4884-979E-1DE062DA47FD}"
EndProject
Project("{9A19103F-16F7-4668-BE54-9A1E7A4F7556}") = "Space.Gateway.API", "Space.Gateway.API\Space.Gateway.API.csproj", "{9957CF1B-DB2F-4A2A-B97C-A8D640937AA9}"
EndProject
Project("{9A19103F-16F7-4668-BE54-9A1E7A4F7556}") = "Space.WebApp", "Presentation\Space.WebApp\Space.WebApp.csproj", "{A5243C2E-BA9C-4871-9839-65624CB3D6F4}"
EndProject
Project("{9A19103F-16F7-4668-BE54-9A1E7A4F7556}") = "Space.WebApp.Models", "Presentation\Space.WebApp.Models\Space.WebApp.Models.csproj", "{4499ACA2-88F9-4555-AE5A-DDF5372094D8}"
EndProject
Project("{9A19103F-16F7-4668-BE54-9A1E7A4F7556}") = "Space.WebApp.Service", "Presentation\Space.WebApp.Service\Space.WebApp.Service.csproj", "{9CDE6A0C-0B61-4876-8AAD-138D83C495A9}"
EndProject
Project("{9A19103F-16F7-4668-BE54-9A1E7A4F7556}") = "Space.WebApp.UnitTest", "Presentation\Test\Space.WebApp.UnitTest\Space.WebApp.UnitTest.csproj", "{89C0884C-F6E5-44B4-94AF-CB7E86264F83}"
EndProject
Project("{2150E333-8FDC-42A3-9474-1A3956D46DE8}") = "Test", "Test", "{8E7945B6-22E8-4D26-BADA-88EE6958E777}"
EndProject
Project("{2150E333-8FDC-42A3-9474-1A3956D46DE8}") = "Test", "Test", "{E55CD68E-3EFD-4762-9F95-41E49CF956D9}"
EndProject
Project("{2150E333-8FDC-42A3-9474-1A3956D46DE8}") = "Test", "Test", "{C74AE06B-FB18-4A08-9A6E-DA71137C7532}"
EndProject
Project("{2150E333-8FDC-42A3-9474-1A3956D46DE8}") = "Test", "Test", "{DBF3A0B0-53DE-462E-A0B1-38F364DA9C89}"
EndProject
Project("{FAE04EC0-301F-11D3-BF4B-00C04F79EFBC}") = "Space.AuthAPI.UnitTest", "Servies\AuthAPI\Test\Space.AuthAPI.Test\Space.AuthAPI.UnitTest.csproj", "{7ABD7CF7-E349-4ECA-8ABD-84DA5C49075E}"
EndProject
Project("{FAE04EC0-301F-11D3-BF4B-00C04F79EFBC}") = "Spcae.DataAPI.UnitTest", "Servies\DataAPI\Test\Spcae.DataAPI.Test\Spcae.DataAPI.UnitTest.csproj", "{41DF9F44-11D4-401E-AFBE-1AEA531BBB89}"
EndProject
Project("{FAE04EC0-301F-11D3-BF4B-00C04F79EFBC}") = "Space.UserAPI.UnitTest", "Servies\UserAPI\Test\Space.UserAPI.Test\Space.UserAPI.UnitTest.csproj", "{4933C394-0D9C-4ED5-BD6C-A4D82BC4D19B}"
EndProject
Global
	GlobalSection(SolutionConfigurationPlatforms) = preSolution
		Debug|Any CPU = Debug|Any CPU
		Release|Any CPU = Release|Any CPU
	EndGlobalSection
	GlobalSection(ProjectConfigurationPlatforms) = postSolution
		{0C757DF0-6321-4E51-A5ED-9E0A4C2757C8}.Debug|Any CPU.ActiveCfg = Debug|Any CPU
		{0C757DF0-6321-4E51-A5ED-9E0A4C2757C8}.Debug|Any CPU.Build.0 = Debug|Any CPU
		{0C757DF0-6321-4E51-A5ED-9E0A4C2757C8}.Release|Any CPU.ActiveCfg = Release|Any CPU
		{0C757DF0-6321-4E51-A5ED-9E0A4C2757C8}.Release|Any CPU.Build.0 = Release|Any CPU
		{6B9B7FC1-03CE-4C4C-BDF5-05D7381AAD98}.Debug|Any CPU.ActiveCfg = Debug|Any CPU
		{6B9B7FC1-03CE-4C4C-BDF5-05D7381AAD98}.Debug|Any CPU.Build.0 = Debug|Any CPU
		{6B9B7FC1-03CE-4C4C-BDF5-05D7381AAD98}.Release|Any CPU.ActiveCfg = Release|Any CPU
		{6B9B7FC1-03CE-4C4C-BDF5-05D7381AAD98}.Release|Any CPU.Build.0 = Release|Any CPU
		{0E84BC83-D994-47EE-8036-4689E8ED9015}.Debug|Any CPU.ActiveCfg = Debug|Any CPU
		{0E84BC83-D994-47EE-8036-4689E8ED9015}.Debug|Any CPU.Build.0 = Debug|Any CPU
		{0E84BC83-D994-47EE-8036-4689E8ED9015}.Release|Any CPU.ActiveCfg = Release|Any CPU
		{0E84BC83-D994-47EE-8036-4689E8ED9015}.Release|Any CPU.Build.0 = Release|Any CPU
		{0D612BD8-6263-4C96-B3DF-F88A5685D96A}.Debug|Any CPU.ActiveCfg = Debug|Any CPU
		{0D612BD8-6263-4C96-B3DF-F88A5685D96A}.Debug|Any CPU.Build.0 = Debug|Any CPU
		{0D612BD8-6263-4C96-B3DF-F88A5685D96A}.Release|Any CPU.ActiveCfg = Release|Any CPU
		{0D612BD8-6263-4C96-B3DF-F88A5685D96A}.Release|Any CPU.Build.0 = Release|Any CPU
		{DF8E6A0D-20D3-436F-8E3E-DFCFB9B8A26A}.Debug|Any CPU.ActiveCfg = Debug|Any CPU
		{DF8E6A0D-20D3-436F-8E3E-DFCFB9B8A26A}.Debug|Any CPU.Build.0 = Debug|Any CPU
		{DF8E6A0D-20D3-436F-8E3E-DFCFB9B8A26A}.Release|Any CPU.ActiveCfg = Release|Any CPU
		{DF8E6A0D-20D3-436F-8E3E-DFCFB9B8A26A}.Release|Any CPU.Build.0 = Release|Any CPU
		{6A8E2716-F92D-49C8-B830-045086AE62D3}.Debug|Any CPU.ActiveCfg = Debug|Any CPU
		{6A8E2716-F92D-49C8-B830-045086AE62D3}.Debug|Any CPU.Build.0 = Debug|Any CPU
		{6A8E2716-F92D-49C8-B830-045086AE62D3}.Release|Any CPU.ActiveCfg = Release|Any CPU
		{6A8E2716-F92D-49C8-B830-045086AE62D3}.Release|Any CPU.Build.0 = Release|Any CPU
		{36E22843-FCF0-4003-9F8D-97D1EB854E51}.Debug|Any CPU.ActiveCfg = Debug|Any CPU
		{36E22843-FCF0-4003-9F8D-97D1EB854E51}.Debug|Any CPU.Build.0 = Debug|Any CPU
		{36E22843-FCF0-4003-9F8D-97D1EB854E51}.Release|Any CPU.ActiveCfg = Release|Any CPU
		{36E22843-FCF0-4003-9F8D-97D1EB854E51}.Release|Any CPU.Build.0 = Release|Any CPU
		{5903FE9F-E639-45AD-AEE5-49DD354686A3}.Debug|Any CPU.ActiveCfg = Debug|Any CPU
		{5903FE9F-E639-45AD-AEE5-49DD354686A3}.Debug|Any CPU.Build.0 = Debug|Any CPU
		{5903FE9F-E639-45AD-AEE5-49DD354686A3}.Release|Any CPU.ActiveCfg = Release|Any CPU
		{5903FE9F-E639-45AD-AEE5-49DD354686A3}.Release|Any CPU.Build.0 = Release|Any CPU
		{6A042C04-DF21-43A8-8B7A-9F2AEBF7895C}.Debug|Any CPU.ActiveCfg = Debug|Any CPU
		{6A042C04-DF21-43A8-8B7A-9F2AEBF7895C}.Debug|Any CPU.Build.0 = Debug|Any CPU
		{6A042C04-DF21-43A8-8B7A-9F2AEBF7895C}.Release|Any CPU.ActiveCfg = Release|Any CPU
		{6A042C04-DF21-43A8-8B7A-9F2AEBF7895C}.Release|Any CPU.Build.0 = Release|Any CPU
		{6DD0A485-3CD9-48C3-AAF4-A321719847CC}.Debug|Any CPU.ActiveCfg = Debug|Any CPU
		{6DD0A485-3CD9-48C3-AAF4-A321719847CC}.Debug|Any CPU.Build.0 = Debug|Any CPU
		{6DD0A485-3CD9-48C3-AAF4-A321719847CC}.Release|Any CPU.ActiveCfg = Release|Any CPU
		{6DD0A485-3CD9-48C3-AAF4-A321719847CC}.Release|Any CPU.Build.0 = Release|Any CPU
		{07F06F94-E612-4141-84FC-3BBBA524AFBB}.Debug|Any CPU.ActiveCfg = Debug|Any CPU
		{07F06F94-E612-4141-84FC-3BBBA524AFBB}.Debug|Any CPU.Build.0 = Debug|Any CPU
		{07F06F94-E612-4141-84FC-3BBBA524AFBB}.Release|Any CPU.ActiveCfg = Release|Any CPU
		{07F06F94-E612-4141-84FC-3BBBA524AFBB}.Release|Any CPU.Build.0 = Release|Any CPU
		{1BDDE65E-9B28-43EB-B6EE-1C4B731BA386}.Debug|Any CPU.ActiveCfg = Debug|Any CPU
		{1BDDE65E-9B28-43EB-B6EE-1C4B731BA386}.Debug|Any CPU.Build.0 = Debug|Any CPU
		{1BDDE65E-9B28-43EB-B6EE-1C4B731BA386}.Release|Any CPU.ActiveCfg = Release|Any CPU
		{1BDDE65E-9B28-43EB-B6EE-1C4B731BA386}.Release|Any CPU.Build.0 = Release|Any CPU
		{33ACC85D-84BF-4176-9D87-699E70E442FD}.Debug|Any CPU.ActiveCfg = Debug|Any CPU
		{33ACC85D-84BF-4176-9D87-699E70E442FD}.Debug|Any CPU.Build.0 = Debug|Any CPU
		{33ACC85D-84BF-4176-9D87-699E70E442FD}.Release|Any CPU.ActiveCfg = Release|Any CPU
		{33ACC85D-84BF-4176-9D87-699E70E442FD}.Release|Any CPU.Build.0 = Release|Any CPU
		{6628C864-D020-4070-BC26-CA92D091B2CF}.Debug|Any CPU.ActiveCfg = Debug|Any CPU
		{6628C864-D020-4070-BC26-CA92D091B2CF}.Debug|Any CPU.Build.0 = Debug|Any CPU
		{6628C864-D020-4070-BC26-CA92D091B2CF}.Release|Any CPU.ActiveCfg = Release|Any CPU
		{6628C864-D020-4070-BC26-CA92D091B2CF}.Release|Any CPU.Build.0 = Release|Any CPU
		{C52D6F63-92A2-4F24-9254-884F2E3CB5CC}.Debug|Any CPU.ActiveCfg = Debug|Any CPU
		{C52D6F63-92A2-4F24-9254-884F2E3CB5CC}.Debug|Any CPU.Build.0 = Debug|Any CPU
		{C52D6F63-92A2-4F24-9254-884F2E3CB5CC}.Release|Any CPU.ActiveCfg = Release|Any CPU
		{C52D6F63-92A2-4F24-9254-884F2E3CB5CC}.Release|Any CPU.Build.0 = Release|Any CPU
		{6C6EF67F-F78C-469B-A462-6F4E5D63E505}.Debug|Any CPU.ActiveCfg = Debug|Any CPU
		{6C6EF67F-F78C-469B-A462-6F4E5D63E505}.Debug|Any CPU.Build.0 = Debug|Any CPU
		{6C6EF67F-F78C-469B-A462-6F4E5D63E505}.Release|Any CPU.ActiveCfg = Release|Any CPU
		{6C6EF67F-F78C-469B-A462-6F4E5D63E505}.Release|Any CPU.Build.0 = Release|Any CPU
		{B51FFDB4-9C78-4EA0-86C7-DE8A5FF6A04A}.Debug|Any CPU.ActiveCfg = Debug|Any CPU
		{B51FFDB4-9C78-4EA0-86C7-DE8A5FF6A04A}.Debug|Any CPU.Build.0 = Debug|Any CPU
		{B51FFDB4-9C78-4EA0-86C7-DE8A5FF6A04A}.Release|Any CPU.ActiveCfg = Release|Any CPU
		{B51FFDB4-9C78-4EA0-86C7-DE8A5FF6A04A}.Release|Any CPU.Build.0 = Release|Any CPU
		{9957CF1B-DB2F-4A2A-B97C-A8D640937AA9}.Debug|Any CPU.ActiveCfg = Debug|Any CPU
		{9957CF1B-DB2F-4A2A-B97C-A8D640937AA9}.Debug|Any CPU.Build.0 = Debug|Any CPU
		{9957CF1B-DB2F-4A2A-B97C-A8D640937AA9}.Release|Any CPU.ActiveCfg = Release|Any CPU
		{9957CF1B-DB2F-4A2A-B97C-A8D640937AA9}.Release|Any CPU.Build.0 = Release|Any CPU
		{A5243C2E-BA9C-4871-9839-65624CB3D6F4}.Debug|Any CPU.ActiveCfg = Debug|Any CPU
		{A5243C2E-BA9C-4871-9839-65624CB3D6F4}.Debug|Any CPU.Build.0 = Debug|Any CPU
		{A5243C2E-BA9C-4871-9839-65624CB3D6F4}.Release|Any CPU.ActiveCfg = Release|Any CPU
		{A5243C2E-BA9C-4871-9839-65624CB3D6F4}.Release|Any CPU.Build.0 = Release|Any CPU
		{4499ACA2-88F9-4555-AE5A-DDF5372094D8}.Debug|Any CPU.ActiveCfg = Debug|Any CPU
		{4499ACA2-88F9-4555-AE5A-DDF5372094D8}.Debug|Any CPU.Build.0 = Debug|Any CPU
		{4499ACA2-88F9-4555-AE5A-DDF5372094D8}.Release|Any CPU.ActiveCfg = Release|Any CPU
		{4499ACA2-88F9-4555-AE5A-DDF5372094D8}.Release|Any CPU.Build.0 = Release|Any CPU
		{9CDE6A0C-0B61-4876-8AAD-138D83C495A9}.Debug|Any CPU.ActiveCfg = Debug|Any CPU
		{9CDE6A0C-0B61-4876-8AAD-138D83C495A9}.Debug|Any CPU.Build.0 = Debug|Any CPU
		{9CDE6A0C-0B61-4876-8AAD-138D83C495A9}.Release|Any CPU.ActiveCfg = Release|Any CPU
		{9CDE6A0C-0B61-4876-8AAD-138D83C495A9}.Release|Any CPU.Build.0 = Release|Any CPU
		{89C0884C-F6E5-44B4-94AF-CB7E86264F83}.Debug|Any CPU.ActiveCfg = Debug|Any CPU
		{89C0884C-F6E5-44B4-94AF-CB7E86264F83}.Debug|Any CPU.Build.0 = Debug|Any CPU
		{89C0884C-F6E5-44B4-94AF-CB7E86264F83}.Release|Any CPU.ActiveCfg = Release|Any CPU
		{89C0884C-F6E5-44B4-94AF-CB7E86264F83}.Release|Any CPU.Build.0 = Release|Any CPU
		{7ABD7CF7-E349-4ECA-8ABD-84DA5C49075E}.Debug|Any CPU.ActiveCfg = Debug|Any CPU
		{7ABD7CF7-E349-4ECA-8ABD-84DA5C49075E}.Debug|Any CPU.Build.0 = Debug|Any CPU
		{7ABD7CF7-E349-4ECA-8ABD-84DA5C49075E}.Release|Any CPU.ActiveCfg = Release|Any CPU
		{7ABD7CF7-E349-4ECA-8ABD-84DA5C49075E}.Release|Any CPU.Build.0 = Release|Any CPU
		{41DF9F44-11D4-401E-AFBE-1AEA531BBB89}.Debug|Any CPU.ActiveCfg = Debug|Any CPU
		{41DF9F44-11D4-401E-AFBE-1AEA531BBB89}.Debug|Any CPU.Build.0 = Debug|Any CPU
		{41DF9F44-11D4-401E-AFBE-1AEA531BBB89}.Release|Any CPU.ActiveCfg = Release|Any CPU
		{41DF9F44-11D4-401E-AFBE-1AEA531BBB89}.Release|Any CPU.Build.0 = Release|Any CPU
		{4933C394-0D9C-4ED5-BD6C-A4D82BC4D19B}.Debug|Any CPU.ActiveCfg = Debug|Any CPU
		{4933C394-0D9C-4ED5-BD6C-A4D82BC4D19B}.Debug|Any CPU.Build.0 = Debug|Any CPU
		{4933C394-0D9C-4ED5-BD6C-A4D82BC4D19B}.Release|Any CPU.ActiveCfg = Release|Any CPU
		{4933C394-0D9C-4ED5-BD6C-A4D82BC4D19B}.Release|Any CPU.Build.0 = Release|Any CPU
	EndGlobalSection
	GlobalSection(SolutionProperties) = preSolution
		HideSolutionNode = FALSE
	EndGlobalSection
	GlobalSection(NestedProjects) = preSolution
		{0C757DF0-6321-4E51-A5ED-9E0A4C2757C8} = {60F8C419-B967-4072-B9E3-186C941F60E2}
		{6B9B7FC1-03CE-4C4C-BDF5-05D7381AAD98} = {60F8C419-B967-4072-B9E3-186C941F60E2}
		{0E84BC83-D994-47EE-8036-4689E8ED9015} = {60F8C419-B967-4072-B9E3-186C941F60E2}
		{0D612BD8-6263-4C96-B3DF-F88A5685D96A} = {60F8C419-B967-4072-B9E3-186C941F60E2}
		{F87678F2-DB60-4C70-94F4-0F65C7DBE7C6} = {F2C6C731-2A4E-4270-9DD7-CF8731BF4E84}
		{DF8E6A0D-20D3-436F-8E3E-DFCFB9B8A26A} = {F87678F2-DB60-4C70-94F4-0F65C7DBE7C6}
		{6A8E2716-F92D-49C8-B830-045086AE62D3} = {F87678F2-DB60-4C70-94F4-0F65C7DBE7C6}
		{36E22843-FCF0-4003-9F8D-97D1EB854E51} = {F87678F2-DB60-4C70-94F4-0F65C7DBE7C6}
		{5903FE9F-E639-45AD-AEE5-49DD354686A3} = {F87678F2-DB60-4C70-94F4-0F65C7DBE7C6}
		{EA9C8984-5039-43A4-A28E-7F33D0491739} = {F2C6C731-2A4E-4270-9DD7-CF8731BF4E84}
		{6A042C04-DF21-43A8-8B7A-9F2AEBF7895C} = {EA9C8984-5039-43A4-A28E-7F33D0491739}
		{6DD0A485-3CD9-48C3-AAF4-A321719847CC} = {EA9C8984-5039-43A4-A28E-7F33D0491739}
		{07F06F94-E612-4141-84FC-3BBBA524AFBB} = {EA9C8984-5039-43A4-A28E-7F33D0491739}
		{FAA359B9-2D88-4F93-8D36-A62F16206550} = {F2C6C731-2A4E-4270-9DD7-CF8731BF4E84}
		{1BDDE65E-9B28-43EB-B6EE-1C4B731BA386} = {FAA359B9-2D88-4F93-8D36-A62F16206550}
		{33ACC85D-84BF-4176-9D87-699E70E442FD} = {FAA359B9-2D88-4F93-8D36-A62F16206550}
		{6628C864-D020-4070-BC26-CA92D091B2CF} = {FAA359B9-2D88-4F93-8D36-A62F16206550}
		{C52D6F63-92A2-4F24-9254-884F2E3CB5CC} = {FAA359B9-2D88-4F93-8D36-A62F16206550}
		{6C6EF67F-F78C-469B-A462-6F4E5D63E505} = {60C6E0A6-39DC-4A83-A795-A1CD6BDA6382}
		{60C6E0A6-39DC-4A83-A795-A1CD6BDA6382} = {FAA359B9-2D88-4F93-8D36-A62F16206550}
		{B51FFDB4-9C78-4EA0-86C7-DE8A5FF6A04A} = {E7BF68DB-A50D-417C-A744-98F24E94E51F}
		{E7BF68DB-A50D-417C-A744-98F24E94E51F} = {60C6E0A6-39DC-4A83-A795-A1CD6BDA6382}
		{A5243C2E-BA9C-4871-9839-65624CB3D6F4} = {6EF3F844-379E-4884-979E-1DE062DA47FD}
		{4499ACA2-88F9-4555-AE5A-DDF5372094D8} = {6EF3F844-379E-4884-979E-1DE062DA47FD}
		{9CDE6A0C-0B61-4876-8AAD-138D83C495A9} = {6EF3F844-379E-4884-979E-1DE062DA47FD}
		{89C0884C-F6E5-44B4-94AF-CB7E86264F83} = {8E7945B6-22E8-4D26-BADA-88EE6958E777}
		{8E7945B6-22E8-4D26-BADA-88EE6958E777} = {6EF3F844-379E-4884-979E-1DE062DA47FD}
		{E55CD68E-3EFD-4762-9F95-41E49CF956D9} = {EA9C8984-5039-43A4-A28E-7F33D0491739}
		{C74AE06B-FB18-4A08-9A6E-DA71137C7532} = {FAA359B9-2D88-4F93-8D36-A62F16206550}
		{DBF3A0B0-53DE-462E-A0B1-38F364DA9C89} = {F87678F2-DB60-4C70-94F4-0F65C7DBE7C6}
		{7ABD7CF7-E349-4ECA-8ABD-84DA5C49075E} = {E55CD68E-3EFD-4762-9F95-41E49CF956D9}
		{41DF9F44-11D4-401E-AFBE-1AEA531BBB89} = {C74AE06B-FB18-4A08-9A6E-DA71137C7532}
		{4933C394-0D9C-4ED5-BD6C-A4D82BC4D19B} = {DBF3A0B0-53DE-462E-A0B1-38F364DA9C89}
	EndGlobalSection
	GlobalSection(ExtensibilityGlobals) = postSolution
		SolutionGuid = {AFC949AE-652C-4376-9A3F-5BDD564819D0}
	EndGlobalSection
EndGlobal
